
Microsoft Visual Studio Solution File, Format Version 12.00
# Visual Studio Version 17
VisualStudioVersion = 17.1.32319.34
MinimumVisualStudioVersion = 10.0.40219.1
Project("{FAE04EC0-301F-11D3-BF4B-00C04F79EFBC}") = "WindowsForms_Baslangic", "WindowsForms_Baslangic\WindowsForms_Baslangic.csproj", "{8BD5E62E-20E4-431A-A31D-2E1A697FE75C}"
EndProject
Project("{FAE04EC0-301F-11D3-BF4B-00C04F79EFBC}") = "WindowsFormsApp1", "WindowsFormsApp1\WindowsFormsApp1.csproj", "{A8BA770A-847A-48CF-8BD2-CD95DF6D7F42}"
EndProject
Project("{FAE04EC0-301F-11D3-BF4B-00C04F79EFBC}") = "WindowsFormsApp2", "WindowsFormsApp2\WindowsFormsApp2.csproj", "{1B4D85CF-76AD-48AD-BD2A-74A8194F492A}"
EndProject
Project("{FAE04EC0-301F-11D3-BF4B-00C04F79EFBC}") = "WindowsFormsApp3", "WindowsFormsApp3\WindowsFormsApp3.csproj", "{E00F89D5-6F98-4BC0-AE19-35589BCC0031}"
EndProject
Project("{FAE04EC0-301F-11D3-BF4B-00C04F79EFBC}") = "WindowsFormsApp4", "WindowsFormsApp4\WindowsFormsApp4.csproj", "{06F62540-1715-4B1B-A00B-E88FBBFE4B3E}"
EndProject
Project("{FAE04EC0-301F-11D3-BF4B-00C04F79EFBC}") = "WindowsForms_DataGridView", "WindowsForms_DataGridView\WindowsForms_DataGridView.csproj", "{F1BF225B-DC24-47CF-A25D-621FB563FD4B}"
EndProject
Project("{FAE04EC0-301F-11D3-BF4B-00C04F79EFBC}") = "WindowsForms_To-Do_Uygulaması", "WindowsForms_To-Do_Uygulaması\WindowsForms_To-Do_Uygulaması.csproj", "{C7F02465-DBBE-46B5-A731-6EE0838D0D56}"
EndProject
Project("{FAE04EC0-301F-11D3-BF4B-00C04F79EFBC}") = "Dosya_Ve_Klasor_Islemleri", "Dosya_Ve_Klasor_Islemleri\Dosya_Ve_Klasor_Islemleri.csproj", "{4998D270-6B93-4446-98E6-982FAA6640DC}"
EndProject
Project("{FAE04EC0-301F-11D3-BF4B-00C04F79EFBC}") = "Dosya_Klasor_Ornek", "Dosya_Klasor_Ornek\Dosya_Klasor_Ornek.csproj", "{D2587581-06A7-4B5E-AFDE-F8A1DFFAEF48}"
EndProject
Global
	GlobalSection(SolutionConfigurationPlatforms) = preSolution
		Debug|Any CPU = Debug|Any CPU
		Release|Any CPU = Release|Any CPU
	EndGlobalSection
	GlobalSection(ProjectConfigurationPlatforms) = postSolution
		{8BD5E62E-20E4-431A-A31D-2E1A697FE75C}.Debug|Any CPU.ActiveCfg = Debug|Any CPU
		{8BD5E62E-20E4-431A-A31D-2E1A697FE75C}.Debug|Any CPU.Build.0 = Debug|Any CPU
		{8BD5E62E-20E4-431A-A31D-2E1A697FE75C}.Release|Any CPU.ActiveCfg = Release|Any CPU
		{8BD5E62E-20E4-431A-A31D-2E1A697FE75C}.Release|Any CPU.Build.0 = Release|Any CPU
		{A8BA770A-847A-48CF-8BD2-CD95DF6D7F42}.Debug|Any CPU.ActiveCfg = Debug|Any CPU
		{A8BA770A-847A-48CF-8BD2-CD95DF6D7F42}.Debug|Any CPU.Build.0 = Debug|Any CPU
		{A8BA770A-847A-48CF-8BD2-CD95DF6D7F42}.Release|Any CPU.ActiveCfg = Release|Any CPU
		{A8BA770A-847A-48CF-8BD2-CD95DF6D7F42}.Release|Any CPU.Build.0 = Release|Any CPU
		{1B4D85CF-76AD-48AD-BD2A-74A8194F492A}.Debug|Any CPU.ActiveCfg = Debug|Any CPU
		{1B4D85CF-76AD-48AD-BD2A-74A8194F492A}.Debug|Any CPU.Build.0 = Debug|Any CPU
		{1B4D85CF-76AD-48AD-BD2A-74A8194F492A}.Release|Any CPU.ActiveCfg = Release|Any CPU
		{1B4D85CF-76AD-48AD-BD2A-74A8194F492A}.Release|Any CPU.Build.0 = Release|Any CPU
		{E00F89D5-6F98-4BC0-AE19-35589BCC0031}.Debug|Any CPU.ActiveCfg = Debug|Any CPU
		{E00F89D5-6F98-4BC0-AE19-35589BCC0031}.Debug|Any CPU.Build.0 = Debug|Any CPU
		{E00F89D5-6F98-4BC0-AE19-35589BCC0031}.Release|Any CPU.ActiveCfg = Release|Any CPU
		{E00F89D5-6F98-4BC0-AE19-35589BCC0031}.Release|Any CPU.Build.0 = Release|Any CPU
		{06F62540-1715-4B1B-A00B-E88FBBFE4B3E}.Debug|Any CPU.ActiveCfg = Debug|Any CPU
		{06F62540-1715-4B1B-A00B-E88FBBFE4B3E}.Debug|Any CPU.Build.0 = Debug|Any CPU
		{06F62540-1715-4B1B-A00B-E88FBBFE4B3E}.Release|Any CPU.ActiveCfg = Release|Any CPU
		{06F62540-1715-4B1B-A00B-E88FBBFE4B3E}.Release|Any CPU.Build.0 = Release|Any CPU
		{F1BF225B-DC24-47CF-A25D-621FB563FD4B}.Debug|Any CPU.ActiveCfg = Debug|Any CPU
		{F1BF225B-DC24-47CF-A25D-621FB563FD4B}.Debug|Any CPU.Build.0 = Debug|Any CPU
		{F1BF225B-DC24-47CF-A25D-621FB563FD4B}.Release|Any CPU.ActiveCfg = Release|Any CPU
		{F1BF225B-DC24-47CF-A25D-621FB563FD4B}.Release|Any CPU.Build.0 = Release|Any CPU
		{C7F02465-DBBE-46B5-A731-6EE0838D0D56}.Debug|Any CPU.ActiveCfg = Debug|Any CPU
		{C7F02465-DBBE-46B5-A731-6EE0838D0D56}.Debug|Any CPU.Build.0 = Debug|Any CPU
		{C7F02465-DBBE-46B5-A731-6EE0838D0D56}.Release|Any CPU.ActiveCfg = Release|Any CPU
		{C7F02465-DBBE-46B5-A731-6EE0838D0D56}.Release|Any CPU.Build.0 = Release|Any CPU
		{4998D270-6B93-4446-98E6-982FAA6640DC}.Debug|Any CPU.ActiveCfg = Debug|Any CPU
		{4998D270-6B93-4446-98E6-982FAA6640DC}.Debug|Any CPU.Build.0 = Debug|Any CPU
		{4998D270-6B93-4446-98E6-982FAA6640DC}.Release|Any CPU.ActiveCfg = Release|Any CPU
		{4998D270-6B93-4446-98E6-982FAA6640DC}.Release|Any CPU.Build.0 = Release|Any CPU
		{D2587581-06A7-4B5E-AFDE-F8A1DFFAEF48}.Debug|Any CPU.ActiveCfg = Debug|Any CPU
		{D2587581-06A7-4B5E-AFDE-F8A1DFFAEF48}.Debug|Any CPU.Build.0 = Debug|Any CPU
		{D2587581-06A7-4B5E-AFDE-F8A1DFFAEF48}.Release|Any CPU.ActiveCfg = Release|Any CPU
		{D2587581-06A7-4B5E-AFDE-F8A1DFFAEF48}.Release|Any CPU.Build.0 = Release|Any CPU
	EndGlobalSection
	GlobalSection(SolutionProperties) = preSolution
		HideSolutionNode = FALSE
	EndGlobalSection
	GlobalSection(ExtensibilityGlobals) = postSolution
		SolutionGuid = {B12F0FEB-DF2D-4569-BF48-A0722ECC4222}
	EndGlobalSection
EndGlobal
